Microsoft Visual Studio Solution File, Format Version 12.00
# Visual Studio Version 17
VisualStudioVersion = 17.12.35506.116
MinimumVisualStudioVersion = 10.0.40219.1
Project("{FAE04EC0-301F-11D3-BF4B-00C04F79EFBC}") = "BlazorServer", "BlazorServer\BlazorServer.csproj", "{A54C7275-E823-D105-A0DD-4D35CB594AFD}"
EndProject
Project("{FAE04EC0-301F-11D3-BF4B-00C04F79EFBC}") = "RealtimeChat", "RealtimeChat\RealtimeChat.csproj", "{B0543387-4B73-4BAA-A87E-5CCCF0DAA259}"
EndProject
Project("{FAE04EC0-301F-11D3-BF4B-00C04F79EFBC}") = "WebAssembly", "WebAssembly\WebAssembly\WebAssembly.csproj", "{81069ECF-DD79-4C8C-BB05-4306CCF69FD5}"
EndProject
Project("{FAE04EC0-301F-11D3-BF4B-00C04F79EFBC}") = "WebAssembly.Client", "WebAssembly\WebAssembly.Client\WebAssembly.Client.csproj", "{FB5EF6EC-172C-40C9-894E-7D2793FF09A9}"
EndProject
Project("{FAE04EC0-301F-11D3-BF4B-00C04F79EFBC}") = "BlazorAuto", "BlazorAuto\BlazorAuto\BlazorAuto.csproj", "{880F83F3-E42A-4974-9F51-BCD8023E092E}"
EndProject
Project("{FAE04EC0-301F-11D3-BF4B-00C04F79EFBC}") = "BlazorAuto.Client", "BlazorAuto\BlazorAuto.Client\BlazorAuto.Client.csproj", "{6320E0FD-A03F-49DA-BC8D-C7B7A61C7647}"
EndProject
Project("{FAE04EC0-301F-11D3-BF4B-00C04F79EFBC}") = "Game", "Game\Game.csproj", "{420FC27B-582E-4D42-834E-D4E029EECBB3}"
EndProject
Project("{FAE04EC0-301F-11D3-BF4B-00C04F79EFBC}") = "FormValidation", "FormValidation\FormValidation.csproj", "{11199D1E-55F5-4130-9EDB-ABB8C938B2B2}"
EndProject
Project("{FAE04EC0-301F-11D3-BF4B-00C04F79EFBC}") = "SeatSelector", "SeatSelector\SeatSelector.csproj", "{9365C577-1B2F-4977-88C6-F1422E664C7D}"
EndProject
Global
	GlobalSection(SolutionConfigurationPlatforms) = preSolution
		Debug|Any CPU = Debug|Any CPU
		Release|Any CPU = Release|Any CPU
	EndGlobalSection
	GlobalSection(ProjectConfigurationPlatforms) = postSolution
		{A54C7275-E823-D105-A0DD-4D35CB594AFD}.Debug|Any CPU.ActiveCfg = Debug|Any CPU
		{A54C7275-E823-D105-A0DD-4D35CB594AFD}.Debug|Any CPU.Build.0 = Debug|Any CPU
		{A54C7275-E823-D105-A0DD-4D35CB594AFD}.Release|Any CPU.ActiveCfg = Release|Any CPU
		{A54C7275-E823-D105-A0DD-4D35CB594AFD}.Release|Any CPU.Build.0 = Release|Any CPU
		{B0543387-4B73-4BAA-A87E-5CCCF0DAA259}.Debug|Any CPU.ActiveCfg = Debug|Any CPU
		{B0543387-4B73-4BAA-A87E-5CCCF0DAA259}.Debug|Any CPU.Build.0 = Debug|Any CPU
		{B0543387-4B73-4BAA-A87E-5CCCF0DAA259}.Release|Any CPU.ActiveCfg = Release|Any CPU
		{B0543387-4B73-4BAA-A87E-5CCCF0DAA259}.Release|Any CPU.Build.0 = Release|Any CPU
		{81069ECF-DD79-4C8C-BB05-4306CCF69FD5}.Debug|Any CPU.ActiveCfg = Debug|Any CPU
		{81069ECF-DD79-4C8C-BB05-4306CCF69FD5}.Debug|Any CPU.Build.0 = Debug|Any CPU
		{81069ECF-DD79-4C8C-BB05-4306CCF69FD5}.Release|Any CPU.ActiveCfg = Release|Any CPU
		{81069ECF-DD79-4C8C-BB05-4306CCF69FD5}.Release|Any CPU.Build.0 = Release|Any CPU
		{FB5EF6EC-172C-40C9-894E-7D2793FF09A9}.Debug|Any CPU.ActiveCfg = Debug|Any CPU
		{FB5EF6EC-172C-40C9-894E-7D2793FF09A9}.Debug|Any CPU.Build.0 = Debug|Any CPU
		{FB5EF6EC-172C-40C9-894E-7D2793FF09A9}.Release|Any CPU.ActiveCfg = Release|Any CPU
		{FB5EF6EC-172C-40C9-894E-7D2793FF09A9}.Release|Any CPU.Build.0 = Release|Any CPU
		{880F83F3-E42A-4974-9F51-BCD8023E092E}.Debug|Any CPU.ActiveCfg = Debug|Any CPU
		{880F83F3-E42A-4974-9F51-BCD8023E092E}.Debug|Any CPU.Build.0 = Debug|Any CPU
		{880F83F3-E42A-4974-9F51-BCD8023E092E}.Release|Any CPU.ActiveCfg = Release|Any CPU
		{880F83F3-E42A-4974-9F51-BCD8023E092E}.Release|Any CPU.Build.0 = Release|Any CPU
		{6320E0FD-A03F-49DA-BC8D-C7B7A61C7647}.Debug|Any CPU.ActiveCfg = Debug|Any CPU
		{6320E0FD-A03F-49DA-BC8D-C7B7A61C7647}.Debug|Any CPU.Build.0 = Debug|Any CPU
		{6320E0FD-A03F-49DA-BC8D-C7B7A61C7647}.Release|Any CPU.ActiveCfg = Release|Any CPU
		{6320E0FD-A03F-49DA-BC8D-C7B7A61C7647}.Release|Any CPU.Build.0 = Release|Any CPU
		{420FC27B-582E-4D42-834E-D4E029EECBB3}.Debug|Any CPU.ActiveCfg = Debug|Any CPU
		{420FC27B-582E-4D42-834E-D4E029EECBB3}.Debug|Any CPU.Build.0 = Debug|Any CPU
		{420FC27B-582E-4D42-834E-D4E029EECBB3}.Release|Any CPU.ActiveCfg = Release|Any CPU
		{420FC27B-582E-4D42-834E-D4E029EECBB3}.Release|Any CPU.Build.0 = Release|Any CPU
		{11199D1E-55F5-4130-9EDB-ABB8C938B2B2}.Debug|Any CPU.ActiveCfg = Debug|Any CPU
		{11199D1E-55F5-4130-9EDB-ABB8C938B2B2}.Debug|Any CPU.Build.0 = Debug|Any CPU
		{11199D1E-55F5-4130-9EDB-ABB8C938B2B2}.Release|Any CPU.ActiveCfg = Release|Any CPU
		{11199D1E-55F5-4130-9EDB-ABB8C938B2B2}.Release|Any CPU.Build.0 = Release|Any CPU
		{9365C577-1B2F-4977-88C6-F1422E664C7D}.Debug|Any CPU.ActiveCfg = Debug|Any CPU
		{9365C577-1B2F-4977-88C6-F1422E664C7D}.Debug|Any CPU.Build.0 = Debug|Any CPU
		{9365C577-1B2F-4977-88C6-F1422E664C7D}.Release|Any CPU.ActiveCfg = Release|Any CPU
		{9365C577-1B2F-4977-88C6-F1422E664C7D}.Release|Any CPU.Build.0 = Release|Any CPU
	EndGlobalSection
	GlobalSection(SolutionProperties) = preSolution
		HideSolutionNode = FALSE
	EndGlobalSection
	GlobalSection(ExtensibilityGlobals) = postSolution
		SolutionGuid = {3CD15424-862C-40E9-9D33-D2061FD0E407}
	EndGlobalSection
EndGlobal
